
Microsoft Visual Studio Solution File, Format Version 12.00
# Visual Studio Version 17
VisualStudioVersion = 17.3.32901.215
MinimumVisualStudioVersion = 10.0.40219.1
Project("{FAE04EC0-301F-11D3-BF4B-00C04F79EFBC}") = "SaveItUPX.Android", "SaveItUPX\SaveItUPX.Android\SaveItUPX.Android.csproj", "{A21A022A-4B6B-45A1-99D9-7D4D82263AAF}"
EndProject
Project("{FAE04EC0-301F-11D3-BF4B-00C04F79EFBC}") = "SaveItUPX", "SaveItUPX\SaveItUPX\SaveItUPX.csproj", "{A3553D7D-5233-4270-88C1-8D1859E932C2}"
EndProject
Global
	GlobalSection(SolutionConfigurationPlatforms) = preSolution
		Debug|Any CPU = Debug|Any CPU
		Release|Any CPU = Release|Any CPU
	EndGlobalSection
	GlobalSection(ProjectConfigurationPlatforms) = postSolution
		{A21A022A-4B6B-45A1-99D9-7D4D82263AAF}.Debug|Any CPU.ActiveCfg = Debug|Any CPU
		{A21A022A-4B6B-45A1-99D9-7D4D82263AAF}.Debug|Any CPU.Build.0 = Debug|Any CPU
		{A21A022A-4B6B-45A1-99D9-7D4D82263AAF}.Debug|Any CPU.Deploy.0 = Debug|Any CPU
		{A21A022A-4B6B-45A1-99D9-7D4D82263AAF}.Release|Any CPU.ActiveCfg = Release|Any CPU
		{A21A022A-4B6B-45A1-99D9-7D4D82263AAF}.Release|Any CPU.Build.0 = Release|Any CPU
		{A21A022A-4B6B-45A1-99D9-7D4D82263AAF}.Release|Any CPU.Deploy.0 = Release|Any CPU
		{A3553D7D-5233-4270-88C1-8D1859E932C2}.Debug|Any CPU.ActiveCfg = Debug|Any CPU
		{A3553D7D-5233-4270-88C1-8D1859E932C2}.Debug|Any CPU.Build.0 = Debug|Any CPU
		{A3553D7D-5233-4270-88C1-8D1859E932C2}.Debug|Any CPU.Deploy.0 = Debug|Any CPU
		{A3553D7D-5233-4270-88C1-8D1859E932C2}.Release|Any CPU.ActiveCfg = Release|Any CPU
		{A3553D7D-5233-4270-88C1-8D1859E932C2}.Release|Any CPU.Build.0 = Release|Any CPU
		{A3553D7D-5233-4270-88C1-8D1859E932C2}.Release|Any CPU.Deploy.0 = Release|Any CPU
	EndGlobalSection
	GlobalSection(SolutionProperties) = preSolution
		HideSolutionNode = FALSE
	EndGlobalSection
	GlobalSection(ExtensibilityGlobals) = postSolution
		SolutionGuid = {55CAC7C8-37DD-44D0-B39E-0DF282D8B9E4}
	EndGlobalSection
EndGlobal
